// !$*UTF8*$!
{
	archiveVersion = 1;
	classes = {
	};
	objectVersion = 46;
	objects = {

/* Begin PBXBuildFile section */
		82F9C8271D066BAF00FE2E1D /* AppDelegate.swift in Sources */ = {isa = PBXBuildFile; fileRef = 82F9C8261D066BAF00FE2E1D /* AppDelegate.swift */; };
		82F9C8291D066BAF00FE2E1D /* ViewController.swift in Sources */ = {isa = PBXBuildFile; fileRef = 82F9C8281D066BAF00FE2E1D /* ViewController.swift */; };
		82F9C82C1D066BAF00FE2E1D /* Main.storyboard in Resources */ = {isa = PBXBuildFile; fileRef = 82F9C82A1D066BAF00FE2E1D /* Main.storyboard */; };
		82F9C82F1D066BAF00FE2E1D /* KeyFrame.xcdatamodeld in Sources */ = {isa = PBXBuildFile; fileRef = 82F9C82D1D066BAF00FE2E1D /* KeyFrame.xcdatamodeld */; };
		82F9C8311D066BAF00FE2E1D /* Assets.xcassets in Resources */ = {isa = PBXBuildFile; fileRef = 82F9C8301D066BAF00FE2E1D /* Assets.xcassets */; };
		82F9C8341D066BAF00FE2E1D /* LaunchScreen.storyboard in Resources */ = {isa = PBXBuildFile; fileRef = 82F9C8321D066BAF00FE2E1D /* LaunchScreen.storyboard */; };
		82F9C83F1D066BAF00FE2E1D /* KeyFrameTests.swift in Sources */ = {isa = PBXBuildFile; fileRef = 82F9C83E1D066BAF00FE2E1D /* KeyFrameTests.swift */; };
		82F9C84A1D066BAF00FE2E1D /* KeyFrameUITests.swift in Sources */ = {isa = PBXBuildFile; fileRef = 82F9C8491D066BAF00FE2E1D /* KeyFrameUITests.swift */; };
/* End PBXBuildFile section */

/* Begin PBXContainerItemProxy section */
		82F9C83B1D066BAF00FE2E1D /* PBXContainerItemProxy */ = {
			isa = PBXContainerItemProxy;
			containerPortal = 82F9C81B1D066BAF00FE2E1D /* Project object */;
			proxyType = 1;
			remoteGlobalIDString = 82F9C8221D066BAF00FE2E1D;
			remoteInfo = KeyFrame;
		};
		82F9C8461D066BAF00FE2E1D /* PBXContainerItemProxy */ = {
			isa = PBXContainerItemProxy;
			containerPortal = 82F9C81B1D066BAF00FE2E1D /* Project object */;
			proxyType = 1;
			remoteGlobalIDString = 82F9C8221D066BAF00FE2E1D;
			remoteInfo = KeyFrame;
		};
/* End PBXContainerItemProxy section */

/* Begin PBXFileReference section */
		82F9C8231D066BAF00FE2E1D /* KeyFrame.app */ = {isa = PBXFileReference; explicitFileType = wrapper.application; includeInIndex = 0; path = KeyFrame.app; sourceTree = BUILT_PRODUCTS_DIR; };
		82F9C8261D066BAF00FE2E1D /* AppDelegate.swift */ = {isa = PBXFileReference; lastKnownFileType = sourcecode.swift; path = AppDelegate.swift; sourceTree = "<group>"; };
		82F9C8281D066BAF00FE2E1D /* ViewController.swift */ = {isa = PBXFileReference; lastKnownFileType = sourcecode.swift; path = ViewController.swift; sourceTree = "<group>"; };
		82F9C82B1D066BAF00FE2E1D /* Base */ = {isa = PBXFileReference; lastKnownFileType = file.storyboard; name = Base; path = Base.lproj/Main.storyboard; sourceTree = "<group>"; };
		82F9C82E1D066BAF00FE2E1D /* KeyFrame.xcdatamodel */ = {isa = PBXFileReference; lastKnownFileType = wrapper.xcdatamodel; path = KeyFrame.xcdatamodel; sourceTree = "<group>"; };
		82F9C8301D066BAF00FE2E1D /* Assets.xcassets */ = {isa = PBXFileReference; lastKnownFileType = folder.assetcatalog; path = Assets.xcassets; sourceTree = "<group>"; };
		82F9C8331D066BAF00FE2E1D /* Base */ = {isa = PBXFileReference; lastKnownFileType = file.storyboard; name = Base; path = Base.lproj/LaunchScreen.storyboard; sourceTree = "<group>"; };
		82F9C8351D066BAF00FE2E1D /* Info.plist */ = {isa = PBXFileReference; lastKnownFileType = text.plist.xml; path = Info.plist; sourceTree = "<group>"; };
		82F9C83A1D066BAF00FE2E1D /* KeyFrameTests.xctest */ = {isa = PBXFileReference; explicitFileType = wrapper.cfbundle; includeInIndex = 0; path = KeyFrameTests.xctest; sourceTree = BUILT_PRODUCTS_DIR; };
		82F9C83E1D066BAF00FE2E1D /* KeyFrameTests.swift */ = {isa = PBXFileReference; lastKnownFileType = sourcecode.swift; path = KeyFrameTests.swift; sourceTree = "<group>"; };
		82F9C8401D066BAF00FE2E1D /* Info.plist */ = {isa = PBXFileReference; lastKnownFileType = text.plist.xml; path = Info.plist; sourceTree = "<group>"; };
		82F9C8451D066BAF00FE2E1D /* KeyFrameUITests.xctest */ = {isa = PBXFileReference; explicitFileType = wrapper.cfbundle; includeInIndex = 0; path = KeyFrameUITests.xctest; sourceTree = BUILT_PRODUCTS_DIR; };
		82F9C8491D066BAF00FE2E1D /* KeyFrameUITests.swift */ = {isa = PBXFileReference; lastKnownFileType = sourcecode.swift; path = KeyFrameUITests.swift; sourceTree = "<group>"; };
		82F9C84B1D066BAF00FE2E1D /* Info.plist */ = {isa = PBXFileReference; lastKnownFileType = text.plist.xml; path = Info.plist; sourceTree = "<group>"; };
/* End PBXFileReference section */

/* Begin PBXFrameworksBuildPhase section */
		82F9C8201D066BAF00FE2E1D /* Frameworks */ = {
			isa = PBXFrameworksBuildPhase;
			buildActionMask = 2147483647;
			files = (
			);
			runOnlyForDeploymentPostprocessing = 0;
		};
		82F9C8371D066BAF00FE2E1D /* Frameworks */ = {
			isa = PBXFrameworksBuildPhase;
			buildActionMask = 2147483647;
			files = (
			);
			runOnlyForDeploymentPostprocessing = 0;
		};
		82F9C8421D066BAF00FE2E1D /* Frameworks */ = {
			isa = PBXFrameworksBuildPhase;
			buildActionMask = 2147483647;
			files = (
			);
			runOnlyForDeploymentPostprocessing = 0;
		};
/* End PBXFrameworksBuildPhase section */

/* Begin PBXGroup section */
		82F9C81A1D066BAF00FE2E1D = {
			isa = PBXGroup;
			children = (
				82F9C8251D066BAF00FE2E1D /* KeyFrame */,
				82F9C83D1D066BAF00FE2E1D /* KeyFrameTests */,
				82F9C8481D066BAF00FE2E1D /* KeyFrameUITests */,
				82F9C8241D066BAF00FE2E1D /* Products */,
			);
			sourceTree = "<group>";
		};
		82F9C8241D066BAF00FE2E1D /* Products */ = {
			isa = PBXGroup;
			children = (
				82F9C8231D066BAF00FE2E1D /* KeyFrame.app */,
				82F9C83A1D066BAF00FE2E1D /* KeyFrameTests.xctest */,
				82F9C8451D066BAF00FE2E1D /* KeyFrameUITests.xctest */,
			);
			name = Products;
			sourceTree = "<group>";
		};
		82F9C8251D066BAF00FE2E1D /* KeyFrame */ = {
			isa = PBXGroup;
			children = (
				82F9C8261D066BAF00FE2E1D /* AppDelegate.swift */,
				82F9C8281D066BAF00FE2E1D /* ViewController.swift */,
				82F9C82A1D066BAF00FE2E1D /* Main.storyboard */,
				82F9C8301D066BAF00FE2E1D /* Assets.xcassets */,
				82F9C8321D066BAF00FE2E1D /* LaunchScreen.storyboard */,
				82F9C8351D066BAF00FE2E1D /* Info.plist */,
				82F9C82D1D066BAF00FE2E1D /* KeyFrame.xcdatamodeld */,
			);
			path = KeyFrame;
			sourceTree = "<group>";
		};
		82F9C83D1D066BAF00FE2E1D /* KeyFrameTests */ = {
			isa = PBXGroup;
			children = (
				82F9C83E1D066BAF00FE2E1D /* KeyFrameTests.swift */,
				82F9C8401D066BAF00FE2E1D /* Info.plist */,
			);
			path = KeyFrameTests;
			sourceTree = "<group>";
		};
		82F9C8481D066BAF00FE2E1D /* KeyFrameUITests */ = {
			isa = PBXGroup;
			children = (
				82F9C8491D066BAF00FE2E1D /* KeyFrameUITests.swift */,
				82F9C84B1D066BAF00FE2E1D /* Info.plist */,
			);
			path = KeyFrameUITests;
			sourceTree = "<group>";
		};
/* End PBXGroup section */

/* Begin PBXNativeTarget section */
		82F9C8221D066BAF00FE2E1D /* KeyFrame */ = {
			isa = PBXNativeTarget;
			buildConfigurationList = 82F9C84E1D066BAF00FE2E1D /* Build configuration list for PBXNativeTarget "KeyFrame" */;
			buildPhases = (
				82F9C81F1D066BAF00FE2E1D /* Sources */,
				82F9C8201D066BAF00FE2E1D /* Frameworks */,
				82F9C8211D066BAF00FE2E1D /* Resources */,
			);
			buildRules = (
			);
			dependencies = (
			);
			name = KeyFrame;
			productName = KeyFrame;
			productReference = 82F9C8231D066BAF00FE2E1D /* KeyFrame.app */;
			productType = "com.apple.product-type.application";
		};
		82F9C8391D066BAF00FE2E1D /* KeyFrameTests */ = {
			isa = PBXNativeTarget;
			buildConfigurationList = 82F9C8511D066BAF00FE2E1D /* Build configuration list for PBXNativeTarget "KeyFrameTests" */;
			buildPhases = (
				82F9C8361D066BAF00FE2E1D /* Sources */,
				82F9C8371D066BAF00FE2E1D /* Frameworks */,
				82F9C8381D066BAF00FE2E1D /* Resources */,
			);
			buildRules = (
			);
			dependencies = (
				82F9C83C1D066BAF00FE2E1D /* PBXTargetDependency */,
			);
			name = KeyFrameTests;
			productName = KeyFrameTests;
			productReference = 82F9C83A1D066BAF00FE2E1D /* KeyFrameTests.xctest */;
			productType = "com.apple.product-type.bundle.unit-test";
		};
		82F9C8441D066BAF00FE2E1D /* KeyFrameUITests */ = {
			isa = PBXNativeTarget;
			buildConfigurationList = 82F9C8541D066BAF00FE2E1D /* Build configuration list for PBXNativeTarget "KeyFrameUITests" */;
			buildPhases = (
				82F9C8411D066BAF00FE2E1D /* Sources */,
				82F9C8421D066BAF00FE2E1D /* Frameworks */,
				82F9C8431D066BAF00FE2E1D /* Resources */,
			);
			buildRules = (
			);
			dependencies = (
				82F9C8471D066BAF00FE2E1D /* PBXTargetDependency */,
			);
			name = KeyFrameUITests;
			productName = KeyFrameUITests;
			productReference = 82F9C8451D066BAF00FE2E1D /* KeyFrameUITests.xctest */;
			productType = "com.apple.product-type.bundle.ui-testing";
		};
/* End PBXNativeTarget section */

/* Begin PBXProject section */
		82F9C81B1D066BAF00FE2E1D /* Project object */ = {
			isa = PBXProject;
			attributes = {
				LastSwiftUpdateCheck = 0730;
				LastUpgradeCheck = 0730;
				ORGANIZATIONNAME = Jason_Yao;
				TargetAttributes = {
					82F9C8221D066BAF00FE2E1D = {
						CreatedOnToolsVersion = 7.3;
					};
					82F9C8391D066BAF00FE2E1D = {
						CreatedOnToolsVersion = 7.3;
						TestTargetID = 82F9C8221D066BAF00FE2E1D;
					};
					82F9C8441D066BAF00FE2E1D = {
						CreatedOnToolsVersion = 7.3;
						TestTargetID = 82F9C8221D066BAF00FE2E1D;
					};
				};
			};
			buildConfigurationList = 82F9C81E1D066BAF00FE2E1D /* Build configuration list for PBXProject "KeyFrame" */;
			compatibilityVersion = "Xcode 3.2";
			developmentRegion = English;
			hasScannedForEncodings = 0;
			knownRegions = (
				en,
				Base,
			);
			mainGroup = 82F9C81A1D066BAF00FE2E1D;
			productRefGroup = 82F9C8241D066BAF00FE2E1D /* Products */;
			projectDirPath = "";
			projectRoot = "";
			targets = (
				82F9C8221D066BAF00FE2E1D /* KeyFrame */,
				82F9C8391D066BAF00FE2E1D /* KeyFrameTests */,
				82F9C8441D066BAF00FE2E1D /* KeyFrameUITests */,
			);
		};
/* End PBXProject section */

/* Begin PBXResourcesBuildPhase section */
		82F9C8211D066BAF00FE2E1D /* Resources */ = {
			isa = PBXResourcesBuildPhase;
			buildActionMask = 2147483647;
			files = (
				82F9C8341D066BAF00FE2E1D /* LaunchScreen.storyboard in Resources */,
				82F9C8311D066BAF00FE2E1D /* Assets.xcassets in Resources */,
				82F9C82C1D066BAF00FE2E1D /* Main.storyboard in Resources */,
			);
			runOnlyForDeploymentPostprocessing = 0;
		};
		82F9C8381D066BAF00FE2E1D /* Resources */ = {
			isa = PBXResourcesBuildPhase;
			buildActionMask = 2147483647;
			files = (
			);
			runOnlyForDeploymentPostprocessing = 0;
		};
		82F9C8431D066BAF00FE2E1D /* Resources */ = {
			isa = PBXResourcesBuildPhase;
			buildActionMask = 2147483647;
			files = (
			);
			runOnlyForDeploymentPostprocessing = 0;
		};
/* End PBXResourcesBuildPhase section */

/* Begin PBXSourcesBuildPhase section */
		82F9C81F1D066BAF00FE2E1D /* Sources */ = {
			isa = PBXSourcesBuildPhase;
			buildActionMask = 2147483647;
			files = (
				82F9C8291D066BAF00FE2E1D /* ViewController.swift in Sources */,
				82F9C8271D066BAF00FE2E1D /* AppDelegate.swift in Sources */,
				82F9C82F1D066BAF00FE2E1D /* KeyFrame.xcdatamodeld in Sources */,
			);
			runOnlyForDeploymentPostprocessing = 0;
		};
		82F9C8361D066BAF00FE2E1D /* Sources */ = {
			isa = PBXSourcesBuildPhase;
			buildActionMask = 2147483647;
			files = (
				82F9C83F1D066BAF00FE2E1D /* KeyFrameTests.swift in Sources */,
			);
			runOnlyForDeploymentPostprocessing = 0;
		};
		82F9C8411D066BAF00FE2E1D /* Sources */ = {
			isa = PBXSourcesBuildPhase;
			buildActionMask = 2147483647;
			files = (
				82F9C84A1D066BAF00FE2E1D /* KeyFrameUITests.swift in Sources */,
			);
			runOnlyForDeploymentPostprocessing = 0;
		};
/* End PBXSourcesBuildPhase section */

/* Begin PBXTargetDependency section */
		82F9C83C1D066BAF00FE2E1D /* PBXTargetDependency */ = {
			isa = PBXTargetDependency;
			target = 82F9C8221D066BAF00FE2E1D /* KeyFrame */;
			targetProxy = 82F9C83B1D066BAF00FE2E1D /* PBXContainerItemProxy */;
		};
		82F9C8471D066BAF00FE2E1D /* PBXTargetDependency */ = {
			isa = PBXTargetDependency;
			target = 82F9C8221D066BAF00FE2E1D /* KeyFrame */;
			targetProxy = 82F9C8461D066BAF00FE2E1D /* PBXContainerItemProxy */;
		};
/* End PBXTargetDependency section */

/* Begin PBXVariantGroup section */
		82F9C82A1D066BAF00FE2E1D /* Main.storyboard */ = {
			isa = PBXVariantGroup;
			children = (
				82F9C82B1D066BAF00FE2E1D /* Base */,
			);
			name = Main.storyboard;
			sourceTree = "<group>";
		};
		82F9C8321D066BAF00FE2E1D /* LaunchScreen.storyboard */ = {
			isa = PBXVariantGroup;
			children = (
				82F9C8331D066BAF00FE2E1D /* Base */,
			);
			name = LaunchScreen.storyboard;
			sourceTree = "<group>";
		};
/* End PBXVariantGroup section */

/* Begin XCBuildConfiguration section */
		82F9C84C1D066BAF00FE2E1D /* Debug */ = {
			isa = XCBuildConfiguration;
			buildSettings = {
				ALWAYS_SEARCH_USER_PATHS = NO;
				CLANG_ANALYZER_NONNULL = YES;
				CLANG_CXX_LANGUAGE_STANDARD = "gnu++0x";
				CLANG_CXX_LIBRARY = "libc++";
				CLANG_ENABLE_MODULES = YES;
				CLANG_ENABLE_OBJC_ARC = YES;
				CLANG_WARN_BOOL_CONVERSION = YES;
				CLANG_WARN_CONSTANT_CONVERSION = YES;
				CLANG_WARN_DIRECT_OBJC_ISA_USAGE = YES_ERROR;
				CLANG_WARN_EMPTY_BODY = YES;
				CLANG_WARN_ENUM_CONVERSION = YES;
				CLANG_WARN_INT_CONVERSION = YES;
				CLANG_WARN_OBJC_ROOT_CLASS = YES_ERROR;
				CLANG_WARN_UNREACHABLE_CODE = YES;
				CLANG_WARN__DUPLICATE_METHOD_MATCH = YES;
				"CODE_SIGN_IDENTITY[sdk=iphoneos*]" = "iPhone Developer";
				COPY_PHASE_STRIP = NO;
				DEBUG_INFORMATION_FORMAT = dwarf;
				ENABLE_STRICT_OBJC_MSGSEND = YES;
				ENABLE_TESTABILITY = YES;
				GCC_C_LANGUAGE_STANDARD = gnu99;
				GCC_DYNAMIC_NO_PIC = NO;
				GCC_NO_COMMON_BLOCKS = YES;
				GCC_OPTIMIZATION_LEVEL = 0;
				GCC_PREPROCESSOR_DEFINITIONS = (
					"DEBUG=1",
					"$(inherited)",
				);
				GCC_WARN_64_TO_32_BIT_CONVERSION = YES;
				GCC_WARN_ABOUT_RETURN_TYPE = YES_ERROR;
				GCC_WARN_UNDECLARED_SELECTOR = YES;
				GCC_WARN_UNINITIALIZED_AUTOS = YES_AGGRESSIVE;
				GCC_WARN_UNUSED_FUNCTION = YES;
				GCC_WARN_UNUSED_VARIABLE = YES;
				IPHONEOS_DEPLOYMENT_TARGET = 9.3;
				MTL_ENABLE_DEBUG_INFO = YES;
				ONLY_ACTIVE_ARCH = YES;
				SDKROOT = iphoneos;
				SWIFT_OPTIMIZATION_LEVEL = "-Onone";
				TARGETED_DEVICE_FAMILY = "1,2";
			};
			name = Debug;
		};
		82F9C84D1D066BAF00FE2E1D /* Release */ = {
			isa = XCBuildConfiguration;
			buildSettings = {
				ALWAYS_SEARCH_USER_PATHS = NO;
				CLANG_ANALYZER_NONNULL = YES;
				CLANG_CXX_LANGUAGE_STANDARD = "gnu++0x";
				CLANG_CXX_LIBRARY = "libc++";
				CLANG_ENABLE_MODULES = YES;
				CLANG_ENABLE_OBJC_ARC = YES;
				CLANG_WARN_BOOL_CONVERSION = YES;
				CLANG_WARN_CONSTANT_CONVERSION = YES;
				CLANG_WARN_DIRECT_OBJC_ISA_USAGE = YES_ERROR;
				CLANG_WARN_EMPTY_BODY = YES;
				CLANG_WARN_ENUM_CONVERSION = YES;
				CLANG_WARN_INT_CONVERSION = YES;
				CLANG_WARN_OBJC_ROOT_CLASS = YES_ERROR;
				CLANG_WARN_UNREACHABLE_CODE = YES;
				CLANG_WARN__DUPLICATE_METHOD_MATCH = YES;
				"CODE_SIGN_IDENTITY[sdk=iphoneos*]" = "iPhone Developer";
				COPY_PHASE_STRIP = NO;
				DEBUG_INFORMATION_FORMAT = "dwarf-with-dsym";
				ENABLE_NS_ASSERTIONS = NO;
				ENABLE_STRICT_OBJC_MSGSEND = YES;
				GCC_C_LANGUAGE_STANDARD = gnu99;
				GCC_NO_COMMON_BLOCKS = YES;
				GCC_WARN_64_TO_32_BIT_CONVERSION = YES;
				GCC_WARN_ABOUT_RETURN_TYPE = YES_ERROR;
				GCC_WARN_UNDECLARED_SELECTOR = YES;
				GCC_WARN_UNINITIALIZED_AUTOS = YES_AGGRESSIVE;
				GCC_WARN_UNUSED_FUNCTION = YES;
				GCC_WARN_UNUSED_VARIABLE = YES;
				IPHONEOS_DEPLOYMENT_TARGET = 9.3;
				MTL_ENABLE_DEBUG_INFO = NO;
				SDKROOT = iphoneos;
				TARGETED_DEVICE_FAMILY = "1,2";
				VALIDATE_PRODUCT = YES;
			};
			name = Release;
		};
		82F9C84F1D066BAF00FE2E1D /* Debug */ = {
			isa = XCBuildConfiguration;
			buildSettings = {
				ASSETCATALOG_COMPILER_APPICON_NAME = AppIcon;
				INFOPLIST_FILE = KeyFrame/Info.plist;
				LD_RUNPATH_SEARCH_PATHS = "$(inherited) @executable_path/Frameworks";
				PRODUCT_BUNDLE_IDENTIFIER = Ysx.KeyFrame;
				PRODUCT_NAME = "$(TARGET_NAME)";
			};
			name = Debug;
		};
		82F9C8501D066BAF00FE2E1D /* Release */ = {
			isa = XCBuildConfiguration;
			buildSettings = {
				ASSETCATALOG_COMPILER_APPICON_NAME = AppIcon;
				INFOPLIST_FILE = KeyFrame/Info.plist;
				LD_RUNPATH_SEARCH_PATHS = "$(inherited) @executable_path/Frameworks";
				PRODUCT_BUNDLE_IDENTIFIER = Ysx.KeyFrame;
				PRODUCT_NAME = "$(TARGET_NAME)";
			};
			name = Release;
		};
		82F9C8521D066BAF00FE2E1D /* Debug */ = {
			isa = XCBuildConfiguration;
			buildSettings = {
				BUNDLE_LOADER = "$(TEST_HOST)";
				INFOPLIST_FILE = KeyFrameTests/Info.plist;
				LD_RUNPATH_SEARCH_PATHS = "$(inherited) @executable_path/Frameworks @loader_path/Frameworks";
				PRODUCT_BUNDLE_IDENTIFIER = Ysx.KeyFrameTests;
				PRODUCT_NAME = "$(TARGET_NAME)";
				TEST_HOST = "$(BUILT_PRODUCTS_DIR)/KeyFrame.app/KeyFrame";
			};
			name = Debug;
		};
		82F9C8531D066BAF00FE2E1D /* Release */ = {
			isa = XCBuildConfiguration;
			buildSettings = {
				BUNDLE_LOADER = "$(TEST_HOST)";
				INFOPLIST_FILE = KeyFrameTests/Info.plist;
				LD_RUNPATH_SEARCH_PATHS = "$(inherited) @executable_path/Frameworks @loader_path/Frameworks";
				PRODUCT_BUNDLE_IDENTIFIER = Ysx.KeyFrameTests;
				PRODUCT_NAME = "$(TARGET_NAME)";
				TEST_HOST = "$(BUILT_PRODUCTS_DIR)/KeyFrame.app/KeyFrame";
			};
			name = Release;
		};
		82F9C8551D066BAF00FE2E1D /* Debug */ = {
			isa = XCBuildConfiguration;
			buildSettings = {
				INFOPLIST_FILE = KeyFrameUITests/Info.plist;
				LD_RUNPATH_SEARCH_PATHS = "$(inherited) @executable_path/Frameworks @loader_path/Frameworks";
				PRODUCT_BUNDLE_IDENTIFIER = Ysx.KeyFrameUITests;
				PRODUCT_NAME = "$(TARGET_NAME)";
				TEST_TARGET_NAME = KeyFrame;
			};
			name = Debug;
		};
		82F9C8561D066BAF00FE2E1D /* Release */ = {
			isa = XCBuildConfiguration;
			buildSettings = {
				INFOPLIST_FILE = KeyFrameUITests/Info.plist;
				LD_RUNPATH_SEARCH_PATHS = "$(inherited) @executable_path/Frameworks @loader_path/Frameworks";
				PRODUCT_BUNDLE_IDENTIFIER = Ysx.KeyFrameUITests;
				PRODUCT_NAME = "$(TARGET_NAME)";
				TEST_TARGET_NAME = KeyFrame;
			};
			name = Release;
		};
/* End XCBuildConfiguration section */

/* Begin XCConfigurationList section */
		82F9C81E1D066BAF00FE2E1D /* Build configuration list for PBXProject "KeyFrame" */ = {
			isa = XCConfigurationList;
			buildConfigurations = (
				82F9C84C1D066BAF00FE2E1D /* Debug */,
				82F9C84D1D066BAF00FE2E1D /* Release */,
			);
			defaultConfigurationIsVisible = 0;
			defaultConfigurationName = Release;
		};
		82F9C84E1D066BAF00FE2E1D /* Build configuration list for PBXNativeTarget "KeyFrame" */ = {
			isa = XCConfigurationList;
			buildConfigurations = (
				82F9C84F1D066BAF00FE2E1D /* Debug */,
				82F9C8501D066BAF00FE2E1D /* Release */,
			);
			defaultConfigurationIsVisible = 0;
		};
		82F9C8511D066BAF00FE2E1D /* Build configuration list for PBXNativeTarget "KeyFrameTests" */ = {
			isa = XCConfigurationList;
			buildConfigurations = (
				82F9C8521D066BAF00FE2E1D /* Debug */,
				82F9C8531D066BAF00FE2E1D /* Release */,
			);
			defaultConfigurationIsVisible = 0;
		};
		82F9C8541D066BAF00FE2E1D /* Build configuration list for PBXNativeTarget "KeyFrameUITests" */ = {
			isa = XCConfigurationList;
			buildConfigurations = (
				82F9C8551D066BAF00FE2E1D /* Debug */,
				82F9C8561D066BAF00FE2E1D /* Release */,
			);
			defaultConfigurationIsVisible = 0;
		};
/* End XCConfigurationList section */

/* Begin XCVersionGroup section */
		82F9C82D1D066BAF00FE2E1D /* KeyFrame.xcdatamodeld */ = {
			isa = XCVersionGroup;
			children = (
				82F9C82E1D066BAF00FE2E1D /* KeyFrame.xcdatamodel */,
			);
			currentVersion = 82F9C82E1D066BAF00FE2E1D /* KeyFrame.xcdatamodel */;
			path = KeyFrame.xcdatamodeld;
			sourceTree = "<group>";
			versionGroupType = wrapper.xcdatamodel;
		};
/* End XCVersionGroup section */
	};
	rootObject = 82F9C81B1D066BAF00FE2E1D /* Project object */;
}
